// !$*UTF8*$!
{
	archiveVersion = 1;
	classes = {
	};
	objectVersion = 46;
	objects = {

/* Begin PBXBuildFile section */
		5A32A50E1CE062590079A95F /* main.m in Sources */ = {isa = PBXBuildFile; fileRef = 5A32A50D1CE062590079A95F /* main.m */; };
		5A32A5111CE062590079A95F /* AppDelegate.m in Sources */ = {isa = PBXBuildFile; fileRef = 5A32A5101CE062590079A95F /* AppDelegate.m */; };
		5A32A5171CE062590079A95F /* Main.storyboard in Resources */ = {isa = PBXBuildFile; fileRef = 5A32A5151CE062590079A95F /* Main.storyboard */; };
		5A32A5191CE062590079A95F /* Assets.xcassets in Resources */ = {isa = PBXBuildFile; fileRef = 5A32A5181CE062590079A95F /* Assets.xcassets */; };
		5A32A51C1CE062590079A95F /* LaunchScreen.storyboard in Resources */ = {isa = PBXBuildFile; fileRef = 5A32A51A1CE062590079A95F /* LaunchScreen.storyboard */; };
		5A32A5281CE063E50079A95F /* CustomCameraController.m in Sources */ = {isa = PBXBuildFile; fileRef = 5A32A5271CE063E50079A95F /* CustomCameraController.m */; };
/* End PBXBuildFile section */

/* Begin PBXFileReference section */
		5A32A5091CE062590079A95F /* camera.app */ = {isa = PBXFileReference; explicitFileType = wrapper.application; includeInIndex = 0; path = camera.app; sourceTree = BUILT_PRODUCTS_DIR; };
		5A32A50D1CE062590079A95F /* main.m */ = {isa = PBXFileReference; lastKnownFileType = sourcecode.c.objc; path = main.m; sourceTree = "<group>"; };
		5A32A50F1CE062590079A95F /* AppDelegate.h */ = {isa = PBXFileReference; lastKnownFileType = sourcecode.c.h; path = AppDelegate.h; sourceTree = "<group>"; };
		5A32A5101CE062590079A95F /* AppDelegate.m */ = {isa = PBXFileReference; lastKnownFileType = sourcecode.c.objc; path = AppDelegate.m; sourceTree = "<group>"; };
		5A32A5161CE062590079A95F /* Base */ = {isa = PBXFileReference; lastKnownFileType = file.storyboard; name = Base; path = Base.lproj/Main.storyboard; sourceTree = "<group>"; };
		5A32A5181CE062590079A95F /* Assets.xcassets */ = {isa = PBXFileReference; lastKnownFileType = folder.assetcatalog; path = Assets.xcassets; sourceTree = "<group>"; };
		5A32A51B1CE062590079A95F /* Base */ = {isa = PBXFileReference; lastKnownFileType = file.storyboard; name = Base; path = Base.lproj/LaunchScreen.storyboard; sourceTree = "<group>"; };
		5A32A51D1CE062590079A95F /* Info.plist */ = {isa = PBXFileReference; lastKnownFileType = text.plist.xml; path = Info.plist; sourceTree = "<group>"; };
		5A32A5261CE063E50079A95F /* CustomCameraController.h */ = {isa = PBXFileReference; fileEncoding = 4; lastKnownFileType = sourcecode.c.h; path = CustomCameraController.h; sourceTree = "<group>"; };
		5A32A5271CE063E50079A95F /* CustomCameraController.m */ = {isa = PBXFileReference; fileEncoding = 4; lastKnownFileType = sourcecode.c.objc; path = CustomCameraController.m; sourceTree = "<group>"; };
/* End PBXFileReference section */

/* Begin PBXFrameworksBuildPhase section */
		5A32A5061CE062590079A95F /* Frameworks */ = {
			isa = PBXFrameworksBuildPhase;
			buildActionMask = 2147483647;
			files = (
			);
			runOnlyForDeploymentPostprocessing = 0;
		};
/* End PBXFrameworksBuildPhase section */

/* Begin PBXGroup section */
		5A32A5001CE062590079A95F = {
			isa = PBXGroup;
			children = (
				5A32A50B1CE062590079A95F /* camera */,
				5A32A50A1CE062590079A95F /* Products */,
			);
			sourceTree = "<group>";
		};
		5A32A50A1CE062590079A95F /* Products */ = {
			isa = PBXGroup;
			children = (
				5A32A5091CE062590079A95F /* camera.app */,
			);
			name = Products;
			sourceTree = "<group>";
		};
		5A32A50B1CE062590079A95F /* camera */ = {
			isa = PBXGroup;
			children = (
				5A32A50F1CE062590079A95F /* AppDelegate.h */,
				5A32A5101CE062590079A95F /* AppDelegate.m */,
				5A32A5261CE063E50079A95F /* CustomCameraController.h */,
				5A32A5271CE063E50079A95F /* CustomCameraController.m */,
				5A32A5151CE062590079A95F /* Main.storyboard */,
				5A32A5181CE062590079A95F /* Assets.xcassets */,
				5A32A51A1CE062590079A95F /* LaunchScreen.storyboard */,
				5A32A51D1CE062590079A95F /* Info.plist */,
				5A32A50C1CE062590079A95F /* Supporting Files */,
			);
			path = camera;
			sourceTree = "<group>";
		};
		5A32A50C1CE062590079A95F /* Supporting Files */ = {
			isa = PBXGroup;
			children = (
				5A32A50D1CE062590079A95F /* main.m */,
			);
			name = "Supporting Files";
			sourceTree = "<group>";
		};
/* End PBXGroup section */

/* Begin PBXNativeTarget section */
		5A32A5081CE062590079A95F /* camera */ = {
			isa = PBXNativeTarget;
			buildConfigurationList = 5A32A5201CE062590079A95F /* Build configuration list for PBXNativeTarget "camera" */;
			buildPhases = (
				5A32A5051CE062590079A95F /* Sources */,
				5A32A5061CE062590079A95F /* Frameworks */,
				5A32A5071CE062590079A95F /* Resources */,
			);
			buildRules = (
			);
			dependencies = (
			);
			name = camera;
			productName = camera;
			productReference = 5A32A5091CE062590079A95F /* camera.app */;
			productType = "com.apple.product-type.application";
		};
/* End PBXNativeTarget section */

/* Begin PBXProject section */
		5A32A5011CE062590079A95F /* Project object */ = {
			isa = PBXProject;
			attributes = {
				LastUpgradeCheck = 0730;
				ORGANIZATIONNAME = simon;
				TargetAttributes = {
					5A32A5081CE062590079A95F = {
						CreatedOnToolsVersion = 7.3;
					};
				};
			};
			buildConfigurationList = 5A32A5041CE062590079A95F /* Build configuration list for PBXProject "camera" */;
			compatibilityVersion = "Xcode 3.2";
			developmentRegion = English;
			hasScannedForEncodings = 0;
			knownRegions = (
				en,
				Base,
			);
			mainGroup = 5A32A5001CE062590079A95F;
			productRefGroup = 5A32A50A1CE062590079A95F /* Products */;
			projectDirPath = "";
			projectRoot = "";
			targets = (
				5A32A5081CE062590079A95F /* camera */,
			);
		};
/* End PBXProject section */

/* Begin PBXResourcesBuildPhase section */
		5A32A5071CE062590079A95F /* Resources */ = {
			isa = PBXResourcesBuildPhase;
			buildActionMask = 2147483647;
			files = (
				5A32A51C1CE062590079A95F /* LaunchScreen.storyboard in Resources */,
				5A32A5191CE062590079A95F /* Assets.xcassets in Resources */,
				5A32A5171CE062590079A95F /* Main.storyboard in Resources */,
			);
			runOnlyForDeploymentPostprocessing = 0;
		};
/* End PBXResourcesBuildPhase section */

/* Begin PBXSourcesBuildPhase section */
		5A32A5051CE062590079A95F /* Sources */ = {
			isa = PBXSourcesBuildPhase;
			buildActionMask = 2147483647;
			files = (
				5A32A5111CE062590079A95F /* AppDelegate.m in Sources */,
				5A32A50E1CE062590079A95F /* main.m in Sources */,
				5A32A5281CE063E50079A95F /* CustomCameraController.m in Sources */,
			);
			runOnlyForDeploymentPostprocessing = 0;
		};
/* End PBXSourcesBuildPhase section */

/* Begin PBXVariantGroup section */
		5A32A5151CE062590079A95F /* Main.storyboard */ = {
			isa = PBXVariantGroup;
			children = (
				5A32A5161CE062590079A95F /* Base */,
			);
			name = Main.storyboard;
			sourceTree = "<group>";
		};
		5A32A51A1CE062590079A95F /* LaunchScreen.storyboard */ = {
			isa = PBXVariantGroup;
			children = (
				5A32A51B1CE062590079A95F /* Base */,
			);
			name = LaunchScreen.storyboard;
			sourceTree = "<group>";
		};
/* End PBXVariantGroup section */

/* Begin XCBuildConfiguration section */
		5A32A51E1CE062590079A95F /* Debug */ = {
			isa = XCBuildConfiguration;
			buildSettings = {
				ALWAYS_SEARCH_USER_PATHS = NO;
				CLANG_ANALYZER_NONNULL = YES;
				CLANG_CXX_LANGUAGE_STANDARD = "gnu++0x";
				CLANG_CXX_LIBRARY = "libc++";
				CLANG_ENABLE_MODULES = YES;
				CLANG_ENABLE_OBJC_ARC = YES;
				CLANG_WARN_BOOL_CONVERSION = YES;
				CLANG_WARN_CONSTANT_CONVERSION = YES;
				CLANG_WARN_DIRECT_OBJC_ISA_USAGE = YES_ERROR;
				CLANG_WARN_EMPTY_BODY = YES;
				CLANG_WARN_ENUM_CONVERSION = YES;
				CLANG_WARN_INT_CONVERSION = YES;
				CLANG_WARN_OBJC_ROOT_CLASS = YES_ERROR;
				CLANG_WARN_UNREACHABLE_CODE = YES;
				CLANG_WARN__DUPLICATE_METHOD_MATCH = YES;
				"CODE_SIGN_IDENTITY[sdk=iphoneos*]" = "iPhone Developer";
				COPY_PHASE_STRIP = NO;
				DEBUG_INFORMATION_FORMAT = dwarf;
				ENABLE_STRICT_OBJC_MSGSEND = YES;
				ENABLE_TESTABILITY = YES;
				GCC_C_LANGUAGE_STANDARD = gnu99;
				GCC_DYNAMIC_NO_PIC = NO;
				GCC_NO_COMMON_BLOCKS = YES;
				GCC_OPTIMIZATION_LEVEL = 0;
				GCC_PREPROCESSOR_DEFINITIONS = (
					"DEBUG=1",
					"$(inherited)",
				);
				GCC_WARN_64_TO_32_BIT_CONVERSION = YES;
				GCC_WARN_ABOUT_RETURN_TYPE = YES_ERROR;
				GCC_WARN_UNDECLARED_SELECTOR = YES;
				GCC_WARN_UNINITIALIZED_AUTOS = YES_AGGRESSIVE;
				GCC_WARN_UNUSED_FUNCTION = YES;
				GCC_WARN_UNUSED_VARIABLE = YES;
				IPHONEOS_DEPLOYMENT_TARGET = 9.3;
				MTL_ENABLE_DEBUG_INFO = YES;
				ONLY_ACTIVE_ARCH = YES;
				SDKROOT = iphoneos;
			};
			name = Debug;
		};
		5A32A51F1CE062590079A95F /* Release */ = {
			isa = XCBuildConfiguration;
			buildSettings = {
				ALWAYS_SEARCH_USER_PATHS = NO;
				CLANG_ANALYZER_NONNULL = YES;
				CLANG_CXX_LANGUAGE_STANDARD = "gnu++0x";
				CLANG_CXX_LIBRARY = "libc++";
				CLANG_ENABLE_MODULES = YES;
				CLANG_ENABLE_OBJC_ARC = YES;
				CLANG_WARN_BOOL_CONVERSION = YES;
				CLANG_WARN_CONSTANT_CONVERSION = YES;
				CLANG_WARN_DIRECT_OBJC_ISA_USAGE = YES_ERROR;
				CLANG_WARN_EMPTY_BODY = YES;
				CLANG_WARN_ENUM_CONVERSION = YES;
				CLANG_WARN_INT_CONVERSION = YES;
				CLANG_WARN_OBJC_ROOT_CLASS = YES_ERROR;
				CLANG_WARN_UNREACHABLE_CODE = YES;
				CLANG_WARN__DUPLICATE_METHOD_MATCH = YES;
				"CODE_SIGN_IDENTITY[sdk=iphoneos*]" = "iPhone Developer";
				COPY_PHASE_STRIP = NO;
				DEBUG_INFORMATION_FORMAT = "dwarf-with-dsym";
				ENABLE_NS_ASSERTIONS = NO;
				ENABLE_STRICT_OBJC_MSGSEND = YES;
				GCC_C_LANGUAGE_STANDARD = gnu99;
				GCC_NO_COMMON_BLOCKS = YES;
				GCC_WARN_64_TO_32_BIT_CONVERSION = YES;
				GCC_WARN_ABOUT_RETURN_TYPE = YES_ERROR;
				GCC_WARN_UNDECLARED_SELECTOR = YES;
				GCC_WARN_UNINITIALIZED_AUTOS = YES_AGGRESSIVE;
				GCC_WARN_UNUSED_FUNCTION = YES;
				GCC_WARN_UNUSED_VARIABLE = YES;
				IPHONEOS_DEPLOYMENT_TARGET = 9.3;
				MTL_ENABLE_DEBUG_INFO = NO;
				SDKROOT = iphoneos;
				VALIDATE_PRODUCT = YES;
			};
			name = Release;
		};
		5A32A5211CE062590079A95F /* Debug */ = {
			isa = XCBuildConfiguration;
			buildSettings = {
				ASSETCATALOG_COMPILER_APPICON_NAME = AppIcon;
				INFOPLIST_FILE = camera/Info.plist;
				IPHONEOS_DEPLOYMENT_TARGET = 9.2;
				LD_RUNPATH_SEARCH_PATHS = "$(inherited) @executable_path/Frameworks";
				PRODUCT_BUNDLE_IDENTIFIER = net.seven.camera;
				PRODUCT_NAME = "$(TARGET_NAME)";
			};
			name = Debug;
		};
		5A32A5221CE062590079A95F /* Release */ = {
			isa = XCBuildConfiguration;
			buildSettings = {
				ASSETCATALOG_COMPILER_APPICON_NAME = AppIcon;
				INFOPLIST_FILE = camera/Info.plist;
				IPHONEOS_DEPLOYMENT_TARGET = 9.2;
				LD_RUNPATH_SEARCH_PATHS = "$(inherited) @executable_path/Frameworks";
				PRODUCT_BUNDLE_IDENTIFIER = net.seven.camera;
				PRODUCT_NAME = "$(TARGET_NAME)";
			};
			name = Release;
		};
/* End XCBuildConfiguration section */

/* Begin XCConfigurationList section */
		5A32A5041CE062590079A95F /* Build configuration list for PBXProject "camera" */ = {
			isa = XCConfigurationList;
			buildConfigurations = (
				5A32A51E1CE062590079A95F /* Debug */,
				5A32A51F1CE062590079A95F /* Release */,
			);
			defaultConfigurationIsVisible = 0;
			defaultConfigurationName = Release;
		};
		5A32A5201CE062590079A95F /* Build configuration list for PBXNativeTarget "camera" */ = {
			isa = XCConfigurationList;
			buildConfigurations = (
				5A32A5211CE062590079A95F /* Debug */,
				5A32A5221CE062590079A95F /* Release */,
			);
			defaultConfigurationIsVisible = 0;
		};
/* End XCConfigurationList section */
	};
	rootObject = 5A32A5011CE062590079A95F /* Project object */;
}
