// !$*UTF8*$!
{
	archiveVersion = 1;
	classes = {
	};
	objectVersion = 46;
	objects = {

/* Begin PBXBuildFile section */
		5AB6EFA11A58EC4F00A131C1 /* main.cpp in Sources */ = {isa = PBXBuildFile; fileRef = 5AB6EFA01A58EC4F00A131C1 /* main.cpp */; };
		5AB6EFA31A58EC4F00A131C1 /* _042.1 in CopyFiles */ = {isa = PBXBuildFile; fileRef = 5AB6EFA21A58EC4F00A131C1 /* _042.1 */; };
/* End PBXBuildFile section */

/* Begin PBXCopyFilesBuildPhase section */
		5AB6EF9B1A58EC4F00A131C1 /* CopyFiles */ = {
			isa = PBXCopyFilesBuildPhase;
			buildActionMask = 2147483647;
			dstPath = /usr/share/man/man1/;
			dstSubfolderSpec = 0;
			files = (
				5AB6EFA31A58EC4F00A131C1 /* _042.1 in CopyFiles */,
			);
			runOnlyForDeploymentPostprocessing = 1;
		};
/* End PBXCopyFilesBuildPhase section */

/* Begin PBXFileReference section */
		5AB6EF9D1A58EC4F00A131C1 /* 1042 */ = {isa = PBXFileReference; explicitFileType = "compiled.mach-o.executable"; includeInIndex = 0; path = 1042; sourceTree = BUILT_PRODUCTS_DIR; };
		5AB6EFA01A58EC4F00A131C1 /* main.cpp */ = {isa = PBXFileReference; lastKnownFileType = sourcecode.cpp.cpp; path = main.cpp; sourceTree = "<group>"; };
		5AB6EFA21A58EC4F00A131C1 /* _042.1 */ = {isa = PBXFileReference; lastKnownFileType = text.man; path = _042.1; sourceTree = "<group>"; };
/* End PBXFileReference section */

/* Begin PBXFrameworksBuildPhase section */
		5AB6EF9A1A58EC4F00A131C1 /* Frameworks */ = {
			isa = PBXFrameworksBuildPhase;
			buildActionMask = 2147483647;
			files = (
			);
			runOnlyForDeploymentPostprocessing = 0;
		};
/* End PBXFrameworksBuildPhase section */

/* Begin PBXGroup section */
		5AB6EF941A58EC4F00A131C1 = {
			isa = PBXGroup;
			children = (
				5AB6EF9F1A58EC4F00A131C1 /* 1042 */,
				5AB6EF9E1A58EC4F00A131C1 /* Products */,
			);
			sourceTree = "<group>";
		};
		5AB6EF9E1A58EC4F00A131C1 /* Products */ = {
			isa = PBXGroup;
			children = (
				5AB6EF9D1A58EC4F00A131C1 /* 1042 */,
			);
			name = Products;
			sourceTree = "<group>";
		};
		5AB6EF9F1A58EC4F00A131C1 /* 1042 */ = {
			isa = PBXGroup;
			children = (
				5AB6EFA01A58EC4F00A131C1 /* main.cpp */,
				5AB6EFA21A58EC4F00A131C1 /* _042.1 */,
			);
			path = 1042;
			sourceTree = "<group>";
		};
/* End PBXGroup section */

/* Begin PBXNativeTarget section */
		5AB6EF9C1A58EC4F00A131C1 /* 1042 */ = {
			isa = PBXNativeTarget;
			buildConfigurationList = 5AB6EFA61A58EC4F00A131C1 /* Build configuration list for PBXNativeTarget "1042" */;
			buildPhases = (
				5AB6EF991A58EC4F00A131C1 /* Sources */,
				5AB6EF9A1A58EC4F00A131C1 /* Frameworks */,
				5AB6EF9B1A58EC4F00A131C1 /* CopyFiles */,
			);
			buildRules = (
			);
			dependencies = (
			);
			name = 1042;
			productName = 1042;
			productReference = 5AB6EF9D1A58EC4F00A131C1 /* 1042 */;
			productType = "com.apple.product-type.tool";
		};
/* End PBXNativeTarget section */

/* Begin PBXProject section */
		5AB6EF951A58EC4F00A131C1 /* Project object */ = {
			isa = PBXProject;
			attributes = {
				LastUpgradeCheck = 0510;
				ORGANIZATIONNAME = "___FULLUSERNAME___";
			};
			buildConfigurationList = 5AB6EF981A58EC4F00A131C1 /* Build configuration list for PBXProject "1042" */;
			compatibilityVersion = "Xcode 3.2";
			developmentRegion = English;
			hasScannedForEncodings = 0;
			knownRegions = (
				en,
			);
			mainGroup = 5AB6EF941A58EC4F00A131C1;
			productRefGroup = 5AB6EF9E1A58EC4F00A131C1 /* Products */;
			projectDirPath = "";
			projectRoot = "";
			targets = (
				5AB6EF9C1A58EC4F00A131C1 /* 1042 */,
			);
		};
/* End PBXProject section */

/* Begin PBXSourcesBuildPhase section */
		5AB6EF991A58EC4F00A131C1 /* Sources */ = {
			isa = PBXSourcesBuildPhase;
			buildActionMask = 2147483647;
			files = (
				5AB6EFA11A58EC4F00A131C1 /* main.cpp in Sources */,
			);
			runOnlyForDeploymentPostprocessing = 0;
		};
/* End PBXSourcesBuildPhase section */

/* Begin XCBuildConfiguration section */
		5AB6EFA41A58EC4F00A131C1 /* Debug */ = {
			isa = XCBuildConfiguration;
			buildSettings = {
				ALWAYS_SEARCH_USER_PATHS = NO;
				CLANG_CXX_LANGUAGE_STANDARD = "gnu++0x";
				CLANG_CXX_LIBRARY = "libc++";
				CLANG_ENABLE_MODULES = YES;
				CLANG_ENABLE_OBJC_ARC = YES;
				CLANG_WARN_BOOL_CONVERSION = YES;
				CLANG_WARN_CONSTANT_CONVERSION = YES;
				CLANG_WARN_DIRECT_OBJC_ISA_USAGE = YES_ERROR;
				CLANG_WARN_EMPTY_BODY = YES;
				CLANG_WARN_ENUM_CONVERSION = YES;
				CLANG_WARN_INT_CONVERSION = YES;
				CLANG_WARN_OBJC_ROOT_CLASS = YES_ERROR;
				CLANG_WARN__DUPLICATE_METHOD_MATCH = YES;
				COPY_PHASE_STRIP = NO;
				GCC_C_LANGUAGE_STANDARD = gnu99;
				GCC_DYNAMIC_NO_PIC = NO;
				GCC_ENABLE_OBJC_EXCEPTIONS = YES;
				GCC_OPTIMIZATION_LEVEL = 0;
				GCC_PREPROCESSOR_DEFINITIONS = (
					"DEBUG=1",
					"$(inherited)",
				);
				GCC_SYMBOLS_PRIVATE_EXTERN = NO;
				GCC_WARN_64_TO_32_BIT_CONVERSION = YES;
				GCC_WARN_ABOUT_RETURN_TYPE = YES_ERROR;
				GCC_WARN_UNDECLARED_SELECTOR = YES;
				GCC_WARN_UNINITIALIZED_AUTOS = YES_AGGRESSIVE;
				GCC_WARN_UNUSED_FUNCTION = YES;
				GCC_WARN_UNUSED_VARIABLE = YES;
				MACOSX_DEPLOYMENT_TARGET = 10.9;
				ONLY_ACTIVE_ARCH = YES;
				SDKROOT = macosx;
			};
			name = Debug;
		};
		5AB6EFA51A58EC4F00A131C1 /* Release */ = {
			isa = XCBuildConfiguration;
			buildSettings = {
				ALWAYS_SEARCH_USER_PATHS = NO;
				CLANG_CXX_LANGUAGE_STANDARD = "gnu++0x";
				CLANG_CXX_LIBRARY = "libc++";
				CLANG_ENABLE_MODULES = YES;
				CLANG_ENABLE_OBJC_ARC = YES;
				CLANG_WARN_BOOL_CONVERSION = YES;
				CLANG_WARN_CONSTANT_CONVERSION = YES;
				CLANG_WARN_DIRECT_OBJC_ISA_USAGE = YES_ERROR;
				CLANG_WARN_EMPTY_BODY = YES;
				CLANG_WARN_ENUM_CONVERSION = YES;
				CLANG_WARN_INT_CONVERSION = YES;
				CLANG_WARN_OBJC_ROOT_CLASS = YES_ERROR;
				CLANG_WARN__DUPLICATE_METHOD_MATCH = YES;
				COPY_PHASE_STRIP = YES;
				DEBUG_INFORMATION_FORMAT = "dwarf-with-dsym";
				ENABLE_NS_ASSERTIONS = NO;
				GCC_C_LANGUAGE_STANDARD = gnu99;
				GCC_ENABLE_OBJC_EXCEPTIONS = YES;
				GCC_WARN_64_TO_32_BIT_CONVERSION = YES;
				GCC_WARN_ABOUT_RETURN_TYPE = YES_ERROR;
				GCC_WARN_UNDECLARED_SELECTOR = YES;
				GCC_WARN_UNINITIALIZED_AUTOS = YES_AGGRESSIVE;
				GCC_WARN_UNUSED_FUNCTION = YES;
				GCC_WARN_UNUSED_VARIABLE = YES;
				MACOSX_DEPLOYMENT_TARGET = 10.9;
				SDKROOT = macosx;
			};
			name = Release;
		};
		5AB6EFA71A58EC4F00A131C1 /* Debug */ = {
			isa = XCBuildConfiguration;
			buildSettings = {
				PRODUCT_NAME = "$(TARGET_NAME)";
			};
			name = Debug;
		};
		5AB6EFA81A58EC4F00A131C1 /* Release */ = {
			isa = XCBuildConfiguration;
			buildSettings = {
				PRODUCT_NAME = "$(TARGET_NAME)";
			};
			name = Release;
		};
/* End XCBuildConfiguration section */

/* Begin XCConfigurationList section */
		5AB6EF981A58EC4F00A131C1 /* Build configuration list for PBXProject "1042" */ = {
			isa = XCConfigurationList;
			buildConfigurations = (
				5AB6EFA41A58EC4F00A131C1 /* Debug */,
				5AB6EFA51A58EC4F00A131C1 /* Release */,
			);
			defaultConfigurationIsVisible = 0;
			defaultConfigurationName = Release;
		};
		5AB6EFA61A58EC4F00A131C1 /* Build configuration list for PBXNativeTarget "1042" */ = {
			isa = XCConfigurationList;
			buildConfigurations = (
				5AB6EFA71A58EC4F00A131C1 /* Debug */,
				5AB6EFA81A58EC4F00A131C1 /* Release */,
			);
			defaultConfigurationIsVisible = 0;
		};
/* End XCConfigurationList section */
	};
	rootObject = 5AB6EF951A58EC4F00A131C1 /* Project object */;
}
